// !$*UTF8*$!
{
	archiveVersion = 1;
	classes = {
	};
	objectVersion = 46;
	objects = {

/* Begin PBXBuildFile section */
		99AA68301DB1063600A04275 /* AppDelegate.swift in Sources */ = {isa = PBXBuildFile; fileRef = 99AA682F1DB1063600A04275 /* AppDelegate.swift */; };
		99AA68321DB1063600A04275 /* ViewController.swift in Sources */ = {isa = PBXBuildFile; fileRef = 99AA68311DB1063600A04275 /* ViewController.swift */; };
		99AA68351DB1063600A04275 /* Main.storyboard in Resources */ = {isa = PBXBuildFile; fileRef = 99AA68331DB1063600A04275 /* Main.storyboard */; };
		99AA68381DB1063600A04275 /* Note_It.xcdatamodeld in Sources */ = {isa = PBXBuildFile; fileRef = 99AA68361DB1063600A04275 /* Note_It.xcdatamodeld */; };
		99AA683A1DB1063600A04275 /* Assets.xcassets in Resources */ = {isa = PBXBuildFile; fileRef = 99AA68391DB1063600A04275 /* Assets.xcassets */; };
		99AA683D1DB1063600A04275 /* LaunchScreen.storyboard in Resources */ = {isa = PBXBuildFile; fileRef = 99AA683B1DB1063600A04275 /* LaunchScreen.storyboard */; };
		99AA68481DB1063600A04275 /* Note_ItTests.swift in Sources */ = {isa = PBXBuildFile; fileRef = 99AA68471DB1063600A04275 /* Note_ItTests.swift */; };
		99AA68531DB1063600A04275 /* Note_ItUITests.swift in Sources */ = {isa = PBXBuildFile; fileRef = 99AA68521DB1063600A04275 /* Note_ItUITests.swift */; };
/* End PBXBuildFile section */

/* Begin PBXContainerItemProxy section */
		99AA68441DB1063600A04275 /* PBXContainerItemProxy */ = {
			isa = PBXContainerItemProxy;
			containerPortal = 99AA68241DB1063600A04275 /* Project object */;
			proxyType = 1;
			remoteGlobalIDString = 99AA682B1DB1063600A04275;
			remoteInfo = "Note It";
		};
		99AA684F1DB1063600A04275 /* PBXContainerItemProxy */ = {
			isa = PBXContainerItemProxy;
			containerPortal = 99AA68241DB1063600A04275 /* Project object */;
			proxyType = 1;
			remoteGlobalIDString = 99AA682B1DB1063600A04275;
			remoteInfo = "Note It";
		};
/* End PBXContainerItemProxy section */

/* Begin PBXFileReference section */
		99AA682C1DB1063600A04275 /* Note It.app */ = {isa = PBXFileReference; explicitFileType = wrapper.application; includeInIndex = 0; path = "Note It.app"; sourceTree = BUILT_PRODUCTS_DIR; };
		99AA682F1DB1063600A04275 /* AppDelegate.swift */ = {isa = PBXFileReference; lastKnownFileType = sourcecode.swift; path = AppDelegate.swift; sourceTree = "<group>"; };
		99AA68311DB1063600A04275 /* ViewController.swift */ = {isa = PBXFileReference; lastKnownFileType = sourcecode.swift; path = ViewController.swift; sourceTree = "<group>"; };
		99AA68341DB1063600A04275 /* Base */ = {isa = PBXFileReference; lastKnownFileType = file.storyboard; name = Base; path = Base.lproj/Main.storyboard; sourceTree = "<group>"; };
		99AA68371DB1063600A04275 /* Note_It.xcdatamodel */ = {isa = PBXFileReference; lastKnownFileType = wrapper.xcdatamodel; path = Note_It.xcdatamodel; sourceTree = "<group>"; };
		99AA68391DB1063600A04275 /* Assets.xcassets */ = {isa = PBXFileReference; lastKnownFileType = folder.assetcatalog; path = Assets.xcassets; sourceTree = "<group>"; };
		99AA683C1DB1063600A04275 /* Base */ = {isa = PBXFileReference; lastKnownFileType = file.storyboard; name = Base; path = Base.lproj/LaunchScreen.storyboard; sourceTree = "<group>"; };
		99AA683E1DB1063600A04275 /* Info.plist */ = {isa = PBXFileReference; lastKnownFileType = text.plist.xml; path = Info.plist; sourceTree = "<group>"; };
		99AA68431DB1063600A04275 /* Note ItTests.xctest */ = {isa = PBXFileReference; explicitFileType = wrapper.cfbundle; includeInIndex = 0; path = "Note ItTests.xctest"; sourceTree = BUILT_PRODUCTS_DIR; };
		99AA68471DB1063600A04275 /* Note_ItTests.swift */ = {isa = PBXFileReference; lastKnownFileType = sourcecode.swift; path = Note_ItTests.swift; sourceTree = "<group>"; };
		99AA68491DB1063600A04275 /* Info.plist */ = {isa = PBXFileReference; lastKnownFileType = text.plist.xml; path = Info.plist; sourceTree = "<group>"; };
		99AA684E1DB1063600A04275 /* Note ItUITests.xctest */ = {isa = PBXFileReference; explicitFileType = wrapper.cfbundle; includeInIndex = 0; path = "Note ItUITests.xctest"; sourceTree = BUILT_PRODUCTS_DIR; };
		99AA68521DB1063600A04275 /* Note_ItUITests.swift */ = {isa = PBXFileReference; lastKnownFileType = sourcecode.swift; path = Note_ItUITests.swift; sourceTree = "<group>"; };
		99AA68541DB1063600A04275 /* Info.plist */ = {isa = PBXFileReference; lastKnownFileType = text.plist.xml; path = Info.plist; sourceTree = "<group>"; };
/* End PBXFileReference section */

/* Begin PBXFrameworksBuildPhase section */
		99AA68291DB1063600A04275 /* Frameworks */ = {
			isa = PBXFrameworksBuildPhase;
			buildActionMask = 2147483647;
			files = (
			);
			runOnlyForDeploymentPostprocessing = 0;
		};
		99AA68401DB1063600A04275 /* Frameworks */ = {
			isa = PBXFrameworksBuildPhase;
			buildActionMask = 2147483647;
			files = (
			);
			runOnlyForDeploymentPostprocessing = 0;
		};
		99AA684B1DB1063600A04275 /* Frameworks */ = {
			isa = PBXFrameworksBuildPhase;
			buildActionMask = 2147483647;
			files = (
			);
			runOnlyForDeploymentPostprocessing = 0;
		};
/* End PBXFrameworksBuildPhase section */

/* Begin PBXGroup section */
		99AA68231DB1063600A04275 = {
			isa = PBXGroup;
			children = (
				99AA682E1DB1063600A04275 /* Note It */,
				99AA68461DB1063600A04275 /* Note ItTests */,
				99AA68511DB1063600A04275 /* Note ItUITests */,
				99AA682D1DB1063600A04275 /* Products */,
			);
			sourceTree = "<group>";
		};
		99AA682D1DB1063600A04275 /* Products */ = {
			isa = PBXGroup;
			children = (
				99AA682C1DB1063600A04275 /* Note It.app */,
				99AA68431DB1063600A04275 /* Note ItTests.xctest */,
				99AA684E1DB1063600A04275 /* Note ItUITests.xctest */,
			);
			name = Products;
			sourceTree = "<group>";
		};
		99AA682E1DB1063600A04275 /* Note It */ = {
			isa = PBXGroup;
			children = (
				99AA682F1DB1063600A04275 /* AppDelegate.swift */,
				99AA68311DB1063600A04275 /* ViewController.swift */,
				99AA68331DB1063600A04275 /* Main.storyboard */,
				99AA68391DB1063600A04275 /* Assets.xcassets */,
				99AA683B1DB1063600A04275 /* LaunchScreen.storyboard */,
				99AA683E1DB1063600A04275 /* Info.plist */,
				99AA68361DB1063600A04275 /* Note_It.xcdatamodeld */,
			);
			path = "Note It";
			sourceTree = "<group>";
		};
		99AA68461DB1063600A04275 /* Note ItTests */ = {
			isa = PBXGroup;
			children = (
				99AA68471DB1063600A04275 /* Note_ItTests.swift */,
				99AA68491DB1063600A04275 /* Info.plist */,
			);
			path = "Note ItTests";
			sourceTree = "<group>";
		};
		99AA68511DB1063600A04275 /* Note ItUITests */ = {
			isa = PBXGroup;
			children = (
				99AA68521DB1063600A04275 /* Note_ItUITests.swift */,
				99AA68541DB1063600A04275 /* Info.plist */,
			);
			path = "Note ItUITests";
			sourceTree = "<group>";
		};
/* End PBXGroup section */

/* Begin PBXNativeTarget section */
		99AA682B1DB1063600A04275 /* Note It */ = {
			isa = PBXNativeTarget;
			buildConfigurationList = 99AA68571DB1063600A04275 /* Build configuration list for PBXNativeTarget "Note It" */;
			buildPhases = (
				99AA68281DB1063600A04275 /* Sources */,
				99AA68291DB1063600A04275 /* Frameworks */,
				99AA682A1DB1063600A04275 /* Resources */,
			);
			buildRules = (
			);
			dependencies = (
			);
			name = "Note It";
			productName = "Note It";
			productReference = 99AA682C1DB1063600A04275 /* Note It.app */;
			productType = "com.apple.product-type.application";
		};
		99AA68421DB1063600A04275 /* Note ItTests */ = {
			isa = PBXNativeTarget;
			buildConfigurationList = 99AA685A1DB1063600A04275 /* Build configuration list for PBXNativeTarget "Note ItTests" */;
			buildPhases = (
				99AA683F1DB1063600A04275 /* Sources */,
				99AA68401DB1063600A04275 /* Frameworks */,
				99AA68411DB1063600A04275 /* Resources */,
			);
			buildRules = (
			);
			dependencies = (
				99AA68451DB1063600A04275 /* PBXTargetDependency */,
			);
			name = "Note ItTests";
			productName = "Note ItTests";
			productReference = 99AA68431DB1063600A04275 /* Note ItTests.xctest */;
			productType = "com.apple.product-type.bundle.unit-test";
		};
		99AA684D1DB1063600A04275 /* Note ItUITests */ = {
			isa = PBXNativeTarget;
			buildConfigurationList = 99AA685D1DB1063600A04275 /* Build configuration list for PBXNativeTarget "Note ItUITests" */;
			buildPhases = (
				99AA684A1DB1063600A04275 /* Sources */,
				99AA684B1DB1063600A04275 /* Frameworks */,
				99AA684C1DB1063600A04275 /* Resources */,
			);
			buildRules = (
			);
			dependencies = (
				99AA68501DB1063600A04275 /* PBXTargetDependency */,
			);
			name = "Note ItUITests";
			productName = "Note ItUITests";
			productReference = 99AA684E1DB1063600A04275 /* Note ItUITests.xctest */;
			productType = "com.apple.product-type.bundle.ui-testing";
		};
/* End PBXNativeTarget section */

/* Begin PBXProject section */
		99AA68241DB1063600A04275 /* Project object */ = {
			isa = PBXProject;
			attributes = {
				LastSwiftUpdateCheck = 0800;
				LastUpgradeCheck = 0800;
				ORGANIZATIONNAME = "Usman Hussain";
				TargetAttributes = {
					99AA682B1DB1063600A04275 = {
						CreatedOnToolsVersion = 8.0;
						ProvisioningStyle = Automatic;
					};
					99AA68421DB1063600A04275 = {
						CreatedOnToolsVersion = 8.0;
						ProvisioningStyle = Automatic;
						TestTargetID = 99AA682B1DB1063600A04275;
					};
					99AA684D1DB1063600A04275 = {
						CreatedOnToolsVersion = 8.0;
						ProvisioningStyle = Automatic;
						TestTargetID = 99AA682B1DB1063600A04275;
					};
				};
			};
			buildConfigurationList = 99AA68271DB1063600A04275 /* Build configuration list for PBXProject "Note It" */;
			compatibilityVersion = "Xcode 3.2";
			developmentRegion = English;
			hasScannedForEncodings = 0;
			knownRegions = (
				en,
				Base,
			);
			mainGroup = 99AA68231DB1063600A04275;
			productRefGroup = 99AA682D1DB1063600A04275 /* Products */;
			projectDirPath = "";
			projectRoot = "";
			targets = (
				99AA682B1DB1063600A04275 /* Note It */,
				99AA68421DB1063600A04275 /* Note ItTests */,
				99AA684D1DB1063600A04275 /* Note ItUITests */,
			);
		};
/* End PBXProject section */

/* Begin PBXResourcesBuildPhase section */
		99AA682A1DB1063600A04275 /* Resources */ = {
			isa = PBXResourcesBuildPhase;
			buildActionMask = 2147483647;
			files = (
				99AA683D1DB1063600A04275 /* LaunchScreen.storyboard in Resources */,
				99AA683A1DB1063600A04275 /* Assets.xcassets in Resources */,
				99AA68351DB1063600A04275 /* Main.storyboard in Resources */,
			);
			runOnlyForDeploymentPostprocessing = 0;
		};
		99AA68411DB1063600A04275 /* Resources */ = {
			isa = PBXResourcesBuildPhase;
			buildActionMask = 2147483647;
			files = (
			);
			runOnlyForDeploymentPostprocessing = 0;
		};
		99AA684C1DB1063600A04275 /* Resources */ = {
			isa = PBXResourcesBuildPhase;
			buildActionMask = 2147483647;
			files = (
			);
			runOnlyForDeploymentPostprocessing = 0;
		};
/* End PBXResourcesBuildPhase section */

/* Begin PBXSourcesBuildPhase section */
		99AA68281DB1063600A04275 /* Sources */ = {
			isa = PBXSourcesBuildPhase;
			buildActionMask = 2147483647;
			files = (
				99AA68321DB1063600A04275 /* ViewController.swift in Sources */,
				99AA68381DB1063600A04275 /* Note_It.xcdatamodeld in Sources */,
				99AA68301DB1063600A04275 /* AppDelegate.swift in Sources */,
			);
			runOnlyForDeploymentPostprocessing = 0;
		};
		99AA683F1DB1063600A04275 /* Sources */ = {
			isa = PBXSourcesBuildPhase;
			buildActionMask = 2147483647;
			files = (
				99AA68481DB1063600A04275 /* Note_ItTests.swift in Sources */,
			);
			runOnlyForDeploymentPostprocessing = 0;
		};
		99AA684A1DB1063600A04275 /* Sources */ = {
			isa = PBXSourcesBuildPhase;
			buildActionMask = 2147483647;
			files = (
				99AA68531DB1063600A04275 /* Note_ItUITests.swift in Sources */,
			);
			runOnlyForDeploymentPostprocessing = 0;
		};
/* End PBXSourcesBuildPhase section */

/* Begin PBXTargetDependency section */
		99AA68451DB1063600A04275 /* PBXTargetDependency */ = {
			isa = PBXTargetDependency;
			target = 99AA682B1DB1063600A04275 /* Note It */;
			targetProxy = 99AA68441DB1063600A04275 /* PBXContainerItemProxy */;
		};
		99AA68501DB1063600A04275 /* PBXTargetDependency */ = {
			isa = PBXTargetDependency;
			target = 99AA682B1DB1063600A04275 /* Note It */;
			targetProxy = 99AA684F1DB1063600A04275 /* PBXContainerItemProxy */;
		};
/* End PBXTargetDependency section */

/* Begin PBXVariantGroup section */
		99AA68331DB1063600A04275 /* Main.storyboard */ = {
			isa = PBXVariantGroup;
			children = (
				99AA68341DB1063600A04275 /* Base */,
			);
			name = Main.storyboard;
			sourceTree = "<group>";
		};
		99AA683B1DB1063600A04275 /* LaunchScreen.storyboard */ = {
			isa = PBXVariantGroup;
			children = (
				99AA683C1DB1063600A04275 /* Base */,
			);
			name = LaunchScreen.storyboard;
			sourceTree = "<group>";
		};
/* End PBXVariantGroup section */

/* Begin XCBuildConfiguration section */
		99AA68551DB1063600A04275 /* Debug */ = {
			isa = XCBuildConfiguration;
			buildSettings = {
				ALWAYS_SEARCH_USER_PATHS = NO;
				CLANG_ANALYZER_NONNULL = YES;
				CLANG_CXX_LANGUAGE_STANDARD = "gnu++0x";
				CLANG_CXX_LIBRARY = "libc++";
				CLANG_ENABLE_MODULES = YES;
				CLANG_ENABLE_OBJC_ARC = YES;
				CLANG_WARN_BOOL_CONVERSION = YES;
				CLANG_WARN_CONSTANT_CONVERSION = YES;
				CLANG_WARN_DIRECT_OBJC_ISA_USAGE = YES_ERROR;
				CLANG_WARN_DOCUMENTATION_COMMENTS = YES;
				CLANG_WARN_EMPTY_BODY = YES;
				CLANG_WARN_ENUM_CONVERSION = YES;
				CLANG_WARN_INFINITE_RECURSION = YES;
				CLANG_WARN_INT_CONVERSION = YES;
				CLANG_WARN_OBJC_ROOT_CLASS = YES_ERROR;
				CLANG_WARN_SUSPICIOUS_MOVES = YES;
				CLANG_WARN_UNREACHABLE_CODE = YES;
				CLANG_WARN__DUPLICATE_METHOD_MATCH = YES;
				"CODE_SIGN_IDENTITY[sdk=iphoneos*]" = "iPhone Developer";
				COPY_PHASE_STRIP = NO;
				DEBUG_INFORMATION_FORMAT = dwarf;
				ENABLE_STRICT_OBJC_MSGSEND = YES;
				ENABLE_TESTABILITY = YES;
				GCC_C_LANGUAGE_STANDARD = gnu99;
				GCC_DYNAMIC_NO_PIC = NO;
				GCC_NO_COMMON_BLOCKS = YES;
				GCC_OPTIMIZATION_LEVEL = 0;
				GCC_PREPROCESSOR_DEFINITIONS = (
					"DEBUG=1",
					"$(inherited)",
				);
				GCC_WARN_64_TO_32_BIT_CONVERSION = YES;
				GCC_WARN_ABOUT_RETURN_TYPE = YES_ERROR;
				GCC_WARN_UNDECLARED_SELECTOR = YES;
				GCC_WARN_UNINITIALIZED_AUTOS = YES_AGGRESSIVE;
				GCC_WARN_UNUSED_FUNCTION = YES;
				GCC_WARN_UNUSED_VARIABLE = YES;
				IPHONEOS_DEPLOYMENT_TARGET = 10.0;
				MTL_ENABLE_DEBUG_INFO = YES;
				ONLY_ACTIVE_ARCH = YES;
				SDKROOT = iphoneos;
				SWIFT_ACTIVE_COMPILATION_CONDITIONS = DEBUG;
				SWIFT_OPTIMIZATION_LEVEL = "-Onone";
				TARGETED_DEVICE_FAMILY = "1,2";
			};
			name = Debug;
		};
		99AA68561DB1063600A04275 /* Release */ = {
			isa = XCBuildConfiguration;
			buildSettings = {
				ALWAYS_SEARCH_USER_PATHS = NO;
				CLANG_ANALYZER_NONNULL = YES;
				CLANG_CXX_LANGUAGE_STANDARD = "gnu++0x";
				CLANG_CXX_LIBRARY = "libc++";
				CLANG_ENABLE_MODULES = YES;
				CLANG_ENABLE_OBJC_ARC = YES;
				CLANG_WARN_BOOL_CONVERSION = YES;
				CLANG_WARN_CONSTANT_CONVERSION = YES;
				CLANG_WARN_DIRECT_OBJC_ISA_USAGE = YES_ERROR;
				CLANG_WARN_DOCUMENTATION_COMMENTS = YES;
				CLANG_WARN_EMPTY_BODY = YES;
				CLANG_WARN_ENUM_CONVERSION = YES;
				CLANG_WARN_INFINITE_RECURSION = YES;
				CLANG_WARN_INT_CONVERSION = YES;
				CLANG_WARN_OBJC_ROOT_CLASS = YES_ERROR;
				CLANG_WARN_SUSPICIOUS_MOVES = YES;
				CLANG_WARN_UNREACHABLE_CODE = YES;
				CLANG_WARN__DUPLICATE_METHOD_MATCH = YES;
				"CODE_SIGN_IDENTITY[sdk=iphoneos*]" = "iPhone Developer";
				COPY_PHASE_STRIP = NO;
				DEBUG_INFORMATION_FORMAT = "dwarf-with-dsym";
				ENABLE_NS_ASSERTIONS = NO;
				ENABLE_STRICT_OBJC_MSGSEND = YES;
				GCC_C_LANGUAGE_STANDARD = gnu99;
				GCC_NO_COMMON_BLOCKS = YES;
				GCC_WARN_64_TO_32_BIT_CONVERSION = YES;
				GCC_WARN_ABOUT_RETURN_TYPE = YES_ERROR;
				GCC_WARN_UNDECLARED_SELECTOR = YES;
				GCC_WARN_UNINITIALIZED_AUTOS = YES_AGGRESSIVE;
				GCC_WARN_UNUSED_FUNCTION = YES;
				GCC_WARN_UNUSED_VARIABLE = YES;
				IPHONEOS_DEPLOYMENT_TARGET = 10.0;
				MTL_ENABLE_DEBUG_INFO = NO;
				SDKROOT = iphoneos;
				SWIFT_OPTIMIZATION_LEVEL = "-Owholemodule";
				TARGETED_DEVICE_FAMILY = "1,2";
				VALIDATE_PRODUCT = YES;
			};
			name = Release;
		};
		99AA68581DB1063600A04275 /* Debug */ = {
			isa = XCBuildConfiguration;
			buildSettings = {
				ASSETCATALOG_COMPILER_APPICON_NAME = AppIcon;
				INFOPLIST_FILE = "Note It/Info.plist";
				LD_RUNPATH_SEARCH_PATHS = "$(inherited) @executable_path/Frameworks";
				PRODUCT_BUNDLE_IDENTIFIER = "com.usmanhussain.Note-It";
				PRODUCT_NAME = "$(TARGET_NAME)";
				SWIFT_VERSION = 3.0;
			};
			name = Debug;
		};
		99AA68591DB1063600A04275 /* Release */ = {
			isa = XCBuildConfiguration;
			buildSettings = {
				ASSETCATALOG_COMPILER_APPICON_NAME = AppIcon;
				INFOPLIST_FILE = "Note It/Info.plist";
				LD_RUNPATH_SEARCH_PATHS = "$(inherited) @executable_path/Frameworks";
				PRODUCT_BUNDLE_IDENTIFIER = "com.usmanhussain.Note-It";
				PRODUCT_NAME = "$(TARGET_NAME)";
				SWIFT_VERSION = 3.0;
			};
			name = Release;
		};
		99AA685B1DB1063600A04275 /* Debug */ = {
			isa = XCBuildConfiguration;
			buildSettings = {
				ALWAYS_EMBED_SWIFT_STANDARD_LIBRARIES = YES;
				BUNDLE_LOADER = "$(TEST_HOST)";
				INFOPLIST_FILE = "Note ItTests/Info.plist";
				LD_RUNPATH_SEARCH_PATHS = "$(inherited) @executable_path/Frameworks @loader_path/Frameworks";
				PRODUCT_BUNDLE_IDENTIFIER = "com.usmanhussain.Note-ItTests";
				PRODUCT_NAME = "$(TARGET_NAME)";
				SWIFT_VERSION = 3.0;
				TEST_HOST = "$(BUILT_PRODUCTS_DIR)/Note It.app/Note It";
			};
			name = Debug;
		};
		99AA685C1DB1063600A04275 /* Release */ = {
			isa = XCBuildConfiguration;
			buildSettings = {
				ALWAYS_EMBED_SWIFT_STANDARD_LIBRARIES = YES;
				BUNDLE_LOADER = "$(TEST_HOST)";
				INFOPLIST_FILE = "Note ItTests/Info.plist";
				LD_RUNPATH_SEARCH_PATHS = "$(inherited) @executable_path/Frameworks @loader_path/Frameworks";
				PRODUCT_BUNDLE_IDENTIFIER = "com.usmanhussain.Note-ItTests";
				PRODUCT_NAME = "$(TARGET_NAME)";
				SWIFT_VERSION = 3.0;
				TEST_HOST = "$(BUILT_PRODUCTS_DIR)/Note It.app/Note It";
			};
			name = Release;
		};
		99AA685E1DB1063600A04275 /* Debug */ = {
			isa = XCBuildConfiguration;
			buildSettings = {
				ALWAYS_EMBED_SWIFT_STANDARD_LIBRARIES = YES;
				INFOPLIST_FILE = "Note ItUITests/Info.plist";
				LD_RUNPATH_SEARCH_PATHS = "$(inherited) @executable_path/Frameworks @loader_path/Frameworks";
				PRODUCT_BUNDLE_IDENTIFIER = "com.usmanhussain.Note-ItUITests";
				PRODUCT_NAME = "$(TARGET_NAME)";
				SWIFT_VERSION = 3.0;
				TEST_TARGET_NAME = "Note It";
			};
			name = Debug;
		};
		99AA685F1DB1063600A04275 /* Release */ = {
			isa = XCBuildConfiguration;
			buildSettings = {
				ALWAYS_EMBED_SWIFT_STANDARD_LIBRARIES = YES;
				INFOPLIST_FILE = "Note ItUITests/Info.plist";
				LD_RUNPATH_SEARCH_PATHS = "$(inherited) @executable_path/Frameworks @loader_path/Frameworks";
				PRODUCT_BUNDLE_IDENTIFIER = "com.usmanhussain.Note-ItUITests";
				PRODUCT_NAME = "$(TARGET_NAME)";
				SWIFT_VERSION = 3.0;
				TEST_TARGET_NAME = "Note It";
			};
			name = Release;
		};
/* End XCBuildConfiguration section */

/* Begin XCConfigurationList section */
		99AA68271DB1063600A04275 /* Build configuration list for PBXProject "Note It" */ = {
			isa = XCConfigurationList;
			buildConfigurations = (
				99AA68551DB1063600A04275 /* Debug */,
				99AA68561DB1063600A04275 /* Release */,
			);
			defaultConfigurationIsVisible = 0;
			defaultConfigurationName = Release;
		};
		99AA68571DB1063600A04275 /* Build configuration list for PBXNativeTarget "Note It" */ = {
			isa = XCConfigurationList;
			buildConfigurations = (
				99AA68581DB1063600A04275 /* Debug */,
				99AA68591DB1063600A04275 /* Release */,
			);
			defaultConfigurationIsVisible = 0;
		};
		99AA685A1DB1063600A04275 /* Build configuration list for PBXNativeTarget "Note ItTests" */ = {
			isa = XCConfigurationList;
			buildConfigurations = (
				99AA685B1DB1063600A04275 /* Debug */,
				99AA685C1DB1063600A04275 /* Release */,
			);
			defaultConfigurationIsVisible = 0;
		};
		99AA685D1DB1063600A04275 /* Build configuration list for PBXNativeTarget "Note ItUITests" */ = {
			isa = XCConfigurationList;
			buildConfigurations = (
				99AA685E1DB1063600A04275 /* Debug */,
				99AA685F1DB1063600A04275 /* Release */,
			);
			defaultConfigurationIsVisible = 0;
		};
/* End XCConfigurationList section */

/* Begin XCVersionGroup section */
		99AA68361DB1063600A04275 /* Note_It.xcdatamodeld */ = {
			isa = XCVersionGroup;
			children = (
				99AA68371DB1063600A04275 /* Note_It.xcdatamodel */,
			);
			currentVersion = 99AA68371DB1063600A04275 /* Note_It.xcdatamodel */;
			path = Note_It.xcdatamodeld;
			sourceTree = "<group>";
			versionGroupType = wrapper.xcdatamodel;
		};
/* End XCVersionGroup section */
	};
	rootObject = 99AA68241DB1063600A04275 /* Project object */;
}
